
Microsoft Visual Studio Solution File, Format Version 12.00
# Visual Studio 14
VisualStudioVersion = 14.0.23107.0
MinimumVisualStudioVersion = 10.0.40219.1
Project("{FAE04EC0-301F-11D3-BF4B-00C04F79EFBC}") = "NHibernateTest", "NHibernate\NHibernateTest.csproj", "{B9DD8E2F-93A3-45CE-8060-250613B5A39E}"
EndProject
Project("{FAE04EC0-301F-11D3-BF4B-00C04F79EFBC}") = "NHibernateTest.Data", "NHibernateTest.DAL\NHibernateTest.Data.csproj", "{5E676DF6-C0C8-4B8C-BB23-0E8774D5EC04}"
EndProject
Project("{FAE04EC0-301F-11D3-BF4B-00C04F79EFBC}") = "NHibernateTest.Domain", "NHibernateTest.Domain\NHibernateTest.Domain.csproj", "{7171CD18-D0D1-4CEA-B167-E39A0E2A11B7}"
EndProject
Project("{FAE04EC0-301F-11D3-BF4B-00C04F79EFBC}") = "NHibernateTest.Tests", "NHibernateTest.Tests\NHibernateTest.Tests.csproj", "{D2FDC8CD-4AA5-4026-A5FE-EE47361EAC91}"
EndProject
Global
	GlobalSection(SolutionConfigurationPlatforms) = preSolution
		Debug|Any CPU = Debug|Any CPU
		Release|Any CPU = Release|Any CPU
	EndGlobalSection
	GlobalSection(ProjectConfigurationPlatforms) = postSolution
		{B9DD8E2F-93A3-45CE-8060-250613B5A39E}.Debug|Any CPU.ActiveCfg = Debug|Any CPU
		{B9DD8E2F-93A3-45CE-8060-250613B5A39E}.Debug|Any CPU.Build.0 = Debug|Any CPU
		{B9DD8E2F-93A3-45CE-8060-250613B5A39E}.Release|Any CPU.ActiveCfg = Release|Any CPU
		{B9DD8E2F-93A3-45CE-8060-250613B5A39E}.Release|Any CPU.Build.0 = Release|Any CPU
		{5E676DF6-C0C8-4B8C-BB23-0E8774D5EC04}.Debug|Any CPU.ActiveCfg = Debug|Any CPU
		{5E676DF6-C0C8-4B8C-BB23-0E8774D5EC04}.Debug|Any CPU.Build.0 = Debug|Any CPU
		{5E676DF6-C0C8-4B8C-BB23-0E8774D5EC04}.Release|Any CPU.ActiveCfg = Release|Any CPU
		{5E676DF6-C0C8-4B8C-BB23-0E8774D5EC04}.Release|Any CPU.Build.0 = Release|Any CPU
		{7171CD18-D0D1-4CEA-B167-E39A0E2A11B7}.Debug|Any CPU.ActiveCfg = Debug|Any CPU
		{7171CD18-D0D1-4CEA-B167-E39A0E2A11B7}.Debug|Any CPU.Build.0 = Debug|Any CPU
		{7171CD18-D0D1-4CEA-B167-E39A0E2A11B7}.Release|Any CPU.ActiveCfg = Release|Any CPU
		{7171CD18-D0D1-4CEA-B167-E39A0E2A11B7}.Release|Any CPU.Build.0 = Release|Any CPU
		{D2FDC8CD-4AA5-4026-A5FE-EE47361EAC91}.Debug|Any CPU.ActiveCfg = Debug|Any CPU
		{D2FDC8CD-4AA5-4026-A5FE-EE47361EAC91}.Debug|Any CPU.Build.0 = Debug|Any CPU
		{D2FDC8CD-4AA5-4026-A5FE-EE47361EAC91}.Release|Any CPU.ActiveCfg = Release|Any CPU
		{D2FDC8CD-4AA5-4026-A5FE-EE47361EAC91}.Release|Any CPU.Build.0 = Release|Any CPU
	EndGlobalSection
	GlobalSection(SolutionProperties) = preSolution
		HideSolutionNode = FALSE
	EndGlobalSection
EndGlobal
